{
  "name": "webroot",
  "version": "1.0.0",
  "lockfileVersion": 1,
  "requires": true,
  "dependencies": {
    "@fortawesome/fontawesome-free": {
      "version": "5.11.2",
      "resolved": "https://registry.npmjs.org/@fortawesome/fontawesome-free/-/fontawesome-free-5.11.2.tgz",
      "integrity": "sha512-XiUPoS79r1G7PcpnNtq85TJ7inJWe0v+b5oZJZKb0pGHNIV6+UiNeQWiFGmuQ0aj7GEhnD/v9iqxIsjuRKtEnQ=="
    },
    "@uirouter/core": {
      "version": "6.0.1",
      "resolved": "https://registry.npmjs.org/@uirouter/core/-/core-6.0.1.tgz",
      "integrity": "sha512-mHCutiHtDDRKYmrJ92XPKDoSb2bgqaDyUpHdF4hUE+riwgkCvGdBjL8u+VDTcV3slBAk6B0LBIOIajjWkkObbQ=="
    },
    "angular": {
      "version": "1.7.9",
      "resolved": "https://registry.npmjs.org/angular/-/angular-1.7.9.tgz",
      "integrity": "sha512-5se7ZpcOtu0MBFlzGv5dsM1quQDoDeUTwZrWjGtTNA7O88cD8TEk5IEKCTDa3uECV9XnvKREVUr7du1ACiWGFQ=="
    },
    "angular-ui-router": {
      "version": "1.0.23",
      "resolved": "https://registry.npmjs.org/angular-ui-router/-/angular-ui-router-1.0.23.tgz",
      "integrity": "sha512-l1bzkqCtcP9CrhlFQ0vJ8pGAfwF/bxRedCO2yB3HCYdrDkf487/ZNSreYc2jR5t9rgF/6oM++ZplCcCFMxRoWg==",
      "requires": {
        "@uirouter/core": "6.0.1"
      }
    },
    "bootstrap": {
      "version": "4.3.1",
      "resolved": "https://registry.npmjs.org/bootstrap/-/bootstrap-4.3.1.tgz",
      "integrity": "sha512-rXqOmH1VilAt2DyPzluTi2blhk17bO7ef+zLLPlWvG494pDxcM234pJ8wTc/6R40UWizAIIMgxjvxZg5kmsbag=="
    },
    "font-awesome": {
      "version": "4.7.0",
      "resolved": "https://registry.npmjs.org/font-awesome/-/font-awesome-4.7.0.tgz",
      "integrity": "sha1-j6jPBBGhoxr9B7BtKQK7n8gVoTM="
    },
    "jquery": {
      "version": "3.4.1",
      "resolved": "https://registry.npmjs.org/jquery/-/jquery-3.4.1.tgz",
      "integrity": "sha512-36+AdBzCL+y6qjw5Tx7HgzeGCzC81MDDgaUP8ld2zhx58HdqXGoBd+tHdrBMiyjGQs0Hxs/MLZTu/eHNJJuWPw=="
    },
    "noty": {
      "version": "3.1.4",
      "resolved": "https://registry.npmjs.org/noty/-/noty-3.1.4.tgz",
      "integrity": "sha512-HKOH392eBygTojC6fXVBOFxTqebjnn/e7/AS69zlWSH3Tn6+0RzfT3aDCGx2PY6Ed3xKBPhtz+xeHAHQGEh68Q=="
    },
    "particles.js": {
      "version": "2.0.0",
      "resolved": "https://registry.npmjs.org/particles.js/-/particles.js-2.0.0.tgz",
      "integrity": "sha1-IThsQyjWx/lngKIB6W7t/AnHNvY="
    },
    "particlesjs": {
      "version": "2.2.3",
      "resolved": "https://registry.npmjs.org/particlesjs/-/particlesjs-2.2.3.tgz",
      "integrity": "sha512-f0rL80Agqdsrnv/uhlLewv+LMdiXHu9MYPzMv0ZLPM06nLx3zmAXMH882fxqO6Uzb91csli8WlWaYd2XPN0d/Q=="
    }
  }
}
