{
    "_readme": [
        "This file locks the dependencies of your project to a known state",
        "Read more about it at https://getcomposer.org/doc/01-basic-usage.md#composer-lock-the-lock-file",
        "This file is @generated automatically"
    ],
    "hash": "edccc2dc2c6700f43680deb1bf3f40a8",
    "content-hash": "91375908f0747e0d9c00b027e351216c",
    "packages": [
        {
            "name": "adldap/adldap",
            "version": "5.0.0.x-dev",
            "source": {
                "type": "git",
                "url": "https://github.com/adldap/adLDAP.git",
                "reference": "b814cd5ab63c10519a8758702e067543a5549bcf"
            },
            "dist": {
                "type": "zip",
                "url": "https://api.github.com/repos/adldap/adLDAP/zipball/b814cd5ab63c10519a8758702e067543a5549bcf",
                "reference": "b814cd5ab63c10519a8758702e067543a5549bcf",
                "shasum": ""
            },
            "require": {
                "ext-ldap": "*",
                "php": ">=5.4.0"
            },
            "require-dev": {
                "mockery/mockery": "0.9.*",
                "phpunit/phpunit": "4.6.*"
            },
            "type": "library",
            "autoload": {
                "psr-4": {
                    "Adldap\\": "src/"
                }
            },
            "notification-url": "https://packagist.org/downloads/",
            "license": [
                "LGPL-2.1"
            ],
            "authors": [
                {
                    "name": "Scott Barnett",
                    "email": "scott@wiggumworld.com",
                    "role": "Developer"
                },
                {
                    "name": "Richard Hyland",
                    "email": "adldap@richardhyland.com",
                    "role": "Developer"
                },
                {
                    "name": "Steve Bauman",
                    "email": "steven_bauman@outlook.com",
                    "role": "Developer"
                }
            ],
            "description": "A PHP LDAP Library for Active Directory Manipulation",
            "keywords": [
                "active directory",
                "ldap",
                "windows"
            ],
            "time": "2015-06-16 12:32:39"
        }
    ],
    "packages-dev": [],
    "aliases": [],
    "minimum-stability": "dev",
    "stability-flags": [],
    "prefer-stable": true,
    "prefer-lowest": false,
    "platform": [],
    "platform-dev": []
}
